// !$*UTF8*$!
{
	archiveVersion = 1;
	classes = {
	};
	objectVersion = 50;
	objects = {

/* Begin PBXBuildFile section */
		F56F08AA21196D95006414AF /* AppDelegate.swift in Sources */ = {isa = PBXBuildFile; fileRef = F56F08A921196D95006414AF /* AppDelegate.swift */; };
		F56F08AC21196D95006414AF /* ViewController.swift in Sources */ = {isa = PBXBuildFile; fileRef = F56F08AB21196D95006414AF /* ViewController.swift */; };
		F56F08AF21196D95006414AF /* Main.storyboard in Resources */ = {isa = PBXBuildFile; fileRef = F56F08AD21196D95006414AF /* Main.storyboard */; };
		F56F08B121196D97006414AF /* Assets.xcassets in Resources */ = {isa = PBXBuildFile; fileRef = F56F08B021196D97006414AF /* Assets.xcassets */; };
		F56F08B421196D97006414AF /* LaunchScreen.storyboard in Resources */ = {isa = PBXBuildFile; fileRef = F56F08B221196D97006414AF /* LaunchScreen.storyboard */; };
		F56F08BF21196D97006414AF /* MLearnerTests.swift in Sources */ = {isa = PBXBuildFile; fileRef = F56F08BE21196D97006414AF /* MLearnerTests.swift */; };
		F56F08CA21196D97006414AF /* MLearnerUITests.swift in Sources */ = {isa = PBXBuildFile; fileRef = F56F08C921196D97006414AF /* MLearnerUITests.swift */; };
/* End PBXBuildFile section */

/* Begin PBXContainerItemProxy section */
		F56F08BB21196D97006414AF /* PBXContainerItemProxy */ = {
			isa = PBXContainerItemProxy;
			containerPortal = F56F089E21196D94006414AF /* Project object */;
			proxyType = 1;
			remoteGlobalIDString = F56F08A521196D94006414AF;
			remoteInfo = MLearner;
		};
		F56F08C621196D97006414AF /* PBXContainerItemProxy */ = {
			isa = PBXContainerItemProxy;
			containerPortal = F56F089E21196D94006414AF /* Project object */;
			proxyType = 1;
			remoteGlobalIDString = F56F08A521196D94006414AF;
			remoteInfo = MLearner;
		};
/* End PBXContainerItemProxy section */

/* Begin PBXFileReference section */
		F56F08A621196D95006414AF /* MLearner.app */ = {isa = PBXFileReference; explicitFileType = wrapper.application; includeInIndex = 0; path = MLearner.app; sourceTree = BUILT_PRODUCTS_DIR; };
		F56F08A921196D95006414AF /* AppDelegate.swift */ = {isa = PBXFileReference; lastKnownFileType = sourcecode.swift; path = AppDelegate.swift; sourceTree = "<group>"; };
		F56F08AB21196D95006414AF /* ViewController.swift */ = {isa = PBXFileReference; lastKnownFileType = sourcecode.swift; path = ViewController.swift; sourceTree = "<group>"; };
		F56F08AE21196D95006414AF /* Base */ = {isa = PBXFileReference; lastKnownFileType = file.storyboard; name = Base; path = Base.lproj/Main.storyboard; sourceTree = "<group>"; };
		F56F08B021196D97006414AF /* Assets.xcassets */ = {isa = PBXFileReference; lastKnownFileType = folder.assetcatalog; path = Assets.xcassets; sourceTree = "<group>"; };
		F56F08B321196D97006414AF /* Base */ = {isa = PBXFileReference; lastKnownFileType = file.storyboard; name = Base; path = Base.lproj/LaunchScreen.storyboard; sourceTree = "<group>"; };
		F56F08B521196D97006414AF /* Info.plist */ = {isa = PBXFileReference; lastKnownFileType = text.plist.xml; path = Info.plist; sourceTree = "<group>"; };
		F56F08BA21196D97006414AF /* MLearnerTests.xctest */ = {isa = PBXFileReference; explicitFileType = wrapper.cfbundle; includeInIndex = 0; path = MLearnerTests.xctest; sourceTree = BUILT_PRODUCTS_DIR; };
		F56F08BE21196D97006414AF /* MLearnerTests.swift */ = {isa = PBXFileReference; lastKnownFileType = sourcecode.swift; path = MLearnerTests.swift; sourceTree = "<group>"; };
		F56F08C021196D97006414AF /* Info.plist */ = {isa = PBXFileReference; lastKnownFileType = text.plist.xml; path = Info.plist; sourceTree = "<group>"; };
		F56F08C521196D97006414AF /* MLearnerUITests.xctest */ = {isa = PBXFileReference; explicitFileType = wrapper.cfbundle; includeInIndex = 0; path = MLearnerUITests.xctest; sourceTree = BUILT_PRODUCTS_DIR; };
		F56F08C921196D97006414AF /* MLearnerUITests.swift */ = {isa = PBXFileReference; lastKnownFileType = sourcecode.swift; path = MLearnerUITests.swift; sourceTree = "<group>"; };
		F56F08CB21196D97006414AF /* Info.plist */ = {isa = PBXFileReference; lastKnownFileType = text.plist.xml; path = Info.plist; sourceTree = "<group>"; };
/* End PBXFileReference section */

/* Begin PBXFrameworksBuildPhase section */
		F56F08A321196D94006414AF /* Frameworks */ = {
			isa = PBXFrameworksBuildPhase;
			buildActionMask = 2147483647;
			files = (
			);
			runOnlyForDeploymentPostprocessing = 0;
		};
		F56F08B721196D97006414AF /* Frameworks */ = {
			isa = PBXFrameworksBuildPhase;
			buildActionMask = 2147483647;
			files = (
			);
			runOnlyForDeploymentPostprocessing = 0;
		};
		F56F08C221196D97006414AF /* Frameworks */ = {
			isa = PBXFrameworksBuildPhase;
			buildActionMask = 2147483647;
			files = (
			);
			runOnlyForDeploymentPostprocessing = 0;
		};
/* End PBXFrameworksBuildPhase section */

/* Begin PBXGroup section */
		F56F089D21196D94006414AF = {
			isa = PBXGroup;
			children = (
				F56F08A821196D95006414AF /* MLearner */,
				F56F08BD21196D97006414AF /* MLearnerTests */,
				F56F08C821196D97006414AF /* MLearnerUITests */,
				F56F08A721196D95006414AF /* Products */,
			);
			sourceTree = "<group>";
		};
		F56F08A721196D95006414AF /* Products */ = {
			isa = PBXGroup;
			children = (
				F56F08A621196D95006414AF /* MLearner.app */,
				F56F08BA21196D97006414AF /* MLearnerTests.xctest */,
				F56F08C521196D97006414AF /* MLearnerUITests.xctest */,
			);
			name = Products;
			sourceTree = "<group>";
		};
		F56F08A821196D95006414AF /* MLearner */ = {
			isa = PBXGroup;
			children = (
				F56F08A921196D95006414AF /* AppDelegate.swift */,
				F56F08AB21196D95006414AF /* ViewController.swift */,
				F56F08AD21196D95006414AF /* Main.storyboard */,
				F56F08B021196D97006414AF /* Assets.xcassets */,
				F56F08B221196D97006414AF /* LaunchScreen.storyboard */,
				F56F08B521196D97006414AF /* Info.plist */,
			);
			path = MLearner;
			sourceTree = "<group>";
		};
		F56F08BD21196D97006414AF /* MLearnerTests */ = {
			isa = PBXGroup;
			children = (
				F56F08BE21196D97006414AF /* MLearnerTests.swift */,
				F56F08C021196D97006414AF /* Info.plist */,
			);
			path = MLearnerTests;
			sourceTree = "<group>";
		};
		F56F08C821196D97006414AF /* MLearnerUITests */ = {
			isa = PBXGroup;
			children = (
				F56F08C921196D97006414AF /* MLearnerUITests.swift */,
				F56F08CB21196D97006414AF /* Info.plist */,
			);
			path = MLearnerUITests;
			sourceTree = "<group>";
		};
/* End PBXGroup section */

/* Begin PBXNativeTarget section */
		F56F08A521196D94006414AF /* MLearner */ = {
			isa = PBXNativeTarget;
			buildConfigurationList = F56F08CE21196D97006414AF /* Build configuration list for PBXNativeTarget "MLearner" */;
			buildPhases = (
				F56F08A221196D94006414AF /* Sources */,
				F56F08A321196D94006414AF /* Frameworks */,
				F56F08A421196D94006414AF /* Resources */,
			);
			buildRules = (
			);
			dependencies = (
			);
			name = MLearner;
			productName = MLearner;
			productReference = F56F08A621196D95006414AF /* MLearner.app */;
			productType = "com.apple.product-type.application";
		};
		F56F08B921196D97006414AF /* MLearnerTests */ = {
			isa = PBXNativeTarget;
			buildConfigurationList = F56F08D121196D97006414AF /* Build configuration list for PBXNativeTarget "MLearnerTests" */;
			buildPhases = (
				F56F08B621196D97006414AF /* Sources */,
				F56F08B721196D97006414AF /* Frameworks */,
				F56F08B821196D97006414AF /* Resources */,
			);
			buildRules = (
			);
			dependencies = (
				F56F08BC21196D97006414AF /* PBXTargetDependency */,
			);
			name = MLearnerTests;
			productName = MLearnerTests;
			productReference = F56F08BA21196D97006414AF /* MLearnerTests.xctest */;
			productType = "com.apple.product-type.bundle.unit-test";
		};
		F56F08C421196D97006414AF /* MLearnerUITests */ = {
			isa = PBXNativeTarget;
			buildConfigurationList = F56F08D421196D97006414AF /* Build configuration list for PBXNativeTarget "MLearnerUITests" */;
			buildPhases = (
				F56F08C121196D97006414AF /* Sources */,
				F56F08C221196D97006414AF /* Frameworks */,
				F56F08C321196D97006414AF /* Resources */,
			);
			buildRules = (
			);
			dependencies = (
				F56F08C721196D97006414AF /* PBXTargetDependency */,
			);
			name = MLearnerUITests;
			productName = MLearnerUITests;
			productReference = F56F08C521196D97006414AF /* MLearnerUITests.xctest */;
			productType = "com.apple.product-type.bundle.ui-testing";
		};
/* End PBXNativeTarget section */

/* Begin PBXProject section */
		F56F089E21196D94006414AF /* Project object */ = {
			isa = PBXProject;
			attributes = {
				LastSwiftUpdateCheck = 1000;
				LastUpgradeCheck = 1000;
				ORGANIZATIONNAME = "Pavel Chechetin";
				TargetAttributes = {
					F56F08A521196D94006414AF = {
						CreatedOnToolsVersion = 10.0;
					};
					F56F08B921196D97006414AF = {
						CreatedOnToolsVersion = 10.0;
						TestTargetID = F56F08A521196D94006414AF;
					};
					F56F08C421196D97006414AF = {
						CreatedOnToolsVersion = 10.0;
						TestTargetID = F56F08A521196D94006414AF;
					};
				};
			};
			buildConfigurationList = F56F08A121196D94006414AF /* Build configuration list for PBXProject "MLearner" */;
			compatibilityVersion = "Xcode 9.3";
			developmentRegion = en;
			hasScannedForEncodings = 0;
			knownRegions = (
				en,
				Base,
			);
			mainGroup = F56F089D21196D94006414AF;
			productRefGroup = F56F08A721196D95006414AF /* Products */;
			projectDirPath = "";
			projectRoot = "";
			targets = (
				F56F08A521196D94006414AF /* MLearner */,
				F56F08B921196D97006414AF /* MLearnerTests */,
				F56F08C421196D97006414AF /* MLearnerUITests */,
			);
		};
/* End PBXProject section */

/* Begin PBXResourcesBuildPhase section */
		F56F08A421196D94006414AF /* Resources */ = {
			isa = PBXResourcesBuildPhase;
			buildActionMask = 2147483647;
			files = (
				F56F08B421196D97006414AF /* LaunchScreen.storyboard in Resources */,
				F56F08B121196D97006414AF /* Assets.xcassets in Resources */,
				F56F08AF21196D95006414AF /* Main.storyboard in Resources */,
			);
			runOnlyForDeploymentPostprocessing = 0;
		};
		F56F08B821196D97006414AF /* Resources */ = {
			isa = PBXResourcesBuildPhase;
			buildActionMask = 2147483647;
			files = (
			);
			runOnlyForDeploymentPostprocessing = 0;
		};
		F56F08C321196D97006414AF /* Resources */ = {
			isa = PBXResourcesBuildPhase;
			buildActionMask = 2147483647;
			files = (
			);
			runOnlyForDeploymentPostprocessing = 0;
		};
/* End PBXResourcesBuildPhase section */

/* Begin PBXSourcesBuildPhase section */
		F56F08A221196D94006414AF /* Sources */ = {
			isa = PBXSourcesBuildPhase;
			buildActionMask = 2147483647;
			files = (
				F56F08AC21196D95006414AF /* ViewController.swift in Sources */,
				F56F08AA21196D95006414AF /* AppDelegate.swift in Sources */,
			);
			runOnlyForDeploymentPostprocessing = 0;
		};
		F56F08B621196D97006414AF /* Sources */ = {
			isa = PBXSourcesBuildPhase;
			buildActionMask = 2147483647;
			files = (
				F56F08BF21196D97006414AF /* MLearnerTests.swift in Sources */,
			);
			runOnlyForDeploymentPostprocessing = 0;
		};
		F56F08C121196D97006414AF /* Sources */ = {
			isa = PBXSourcesBuildPhase;
			buildActionMask = 2147483647;
			files = (
				F56F08CA21196D97006414AF /* MLearnerUITests.swift in Sources */,
			);
			runOnlyForDeploymentPostprocessing = 0;
		};
/* End PBXSourcesBuildPhase section */

/* Begin PBXTargetDependency section */
		F56F08BC21196D97006414AF /* PBXTargetDependency */ = {
			isa = PBXTargetDependency;
			target = F56F08A521196D94006414AF /* MLearner */;
			targetProxy = F56F08BB21196D97006414AF /* PBXContainerItemProxy */;
		};
		F56F08C721196D97006414AF /* PBXTargetDependency */ = {
			isa = PBXTargetDependency;
			target = F56F08A521196D94006414AF /* MLearner */;
			targetProxy = F56F08C621196D97006414AF /* PBXContainerItemProxy */;
		};
/* End PBXTargetDependency section */

/* Begin PBXVariantGroup section */
		F56F08AD21196D95006414AF /* Main.storyboard */ = {
			isa = PBXVariantGroup;
			children = (
				F56F08AE21196D95006414AF /* Base */,
			);
			name = Main.storyboard;
			sourceTree = "<group>";
		};
		F56F08B221196D97006414AF /* LaunchScreen.storyboard */ = {
			isa = PBXVariantGroup;
			children = (
				F56F08B321196D97006414AF /* Base */,
			);
			name = LaunchScreen.storyboard;
			sourceTree = "<group>";
		};
/* End PBXVariantGroup section */

/* Begin XCBuildConfiguration section */
		F56F08CC21196D97006414AF /* Debug */ = {
			isa = XCBuildConfiguration;
			buildSettings = {
				ALWAYS_SEARCH_USER_PATHS = NO;
				CLANG_ANALYZER_NONNULL = YES;
				CLANG_ANALYZER_NUMBER_OBJECT_CONVERSION = YES_AGGRESSIVE;
				CLANG_CXX_LANGUAGE_STANDARD = "gnu++14";
				CLANG_CXX_LIBRARY = "libc++";
				CLANG_ENABLE_MODULES = YES;
				CLANG_ENABLE_OBJC_ARC = YES;
				CLANG_ENABLE_OBJC_WEAK = YES;
				CLANG_WARN_BLOCK_CAPTURE_AUTORELEASING = YES;
				CLANG_WARN_BOOL_CONVERSION = YES;
				CLANG_WARN_COMMA = YES;
				CLANG_WARN_CONSTANT_CONVERSION = YES;
				CLANG_WARN_DEPRECATED_OBJC_IMPLEMENTATIONS = YES;
				CLANG_WARN_DIRECT_OBJC_ISA_USAGE = YES_ERROR;
				CLANG_WARN_DOCUMENTATION_COMMENTS = YES;
				CLANG_WARN_EMPTY_BODY = YES;
				CLANG_WARN_ENUM_CONVERSION = YES;
				CLANG_WARN_INFINITE_RECURSION = YES;
				CLANG_WARN_INT_CONVERSION = YES;
				CLANG_WARN_NON_LITERAL_NULL_CONVERSION = YES;
				CLANG_WARN_OBJC_IMPLICIT_RETAIN_SELF = YES;
				CLANG_WARN_OBJC_LITERAL_CONVERSION = YES;
				CLANG_WARN_OBJC_ROOT_CLASS = YES_ERROR;
				CLANG_WARN_RANGE_LOOP_ANALYSIS = YES;
				CLANG_WARN_STRICT_PROTOTYPES = YES;
				CLANG_WARN_SUSPICIOUS_MOVE = YES;
				CLANG_WARN_UNGUARDED_AVAILABILITY = YES_AGGRESSIVE;
				CLANG_WARN_UNREACHABLE_CODE = YES;
				CLANG_WARN__DUPLICATE_METHOD_MATCH = YES;
				CODE_SIGN_IDENTITY = "iPhone Developer";
				COPY_PHASE_STRIP = NO;
				DEBUG_INFORMATION_FORMAT = dwarf;
				ENABLE_STRICT_OBJC_MSGSEND = YES;
				ENABLE_TESTABILITY = YES;
				GCC_C_LANGUAGE_STANDARD = gnu11;
				GCC_DYNAMIC_NO_PIC = NO;
				GCC_NO_COMMON_BLOCKS = YES;
				GCC_OPTIMIZATION_LEVEL = 0;
				GCC_PREPROCESSOR_DEFINITIONS = (
					"DEBUG=1",
					"$(inherited)",
				);
				GCC_WARN_64_TO_32_BIT_CONVERSION = YES;
				GCC_WARN_ABOUT_RETURN_TYPE = YES_ERROR;
				GCC_WARN_UNDECLARED_SELECTOR = YES;
				GCC_WARN_UNINITIALIZED_AUTOS = YES_AGGRESSIVE;
				GCC_WARN_UNUSED_FUNCTION = YES;
				GCC_WARN_UNUSED_VARIABLE = YES;
				IPHONEOS_DEPLOYMENT_TARGET = 12.0;
				MTL_ENABLE_DEBUG_INFO = INCLUDE_SOURCE;
				MTL_FAST_MATH = YES;
				ONLY_ACTIVE_ARCH = YES;
				SDKROOT = iphoneos;
				SWIFT_ACTIVE_COMPILATION_CONDITIONS = DEBUG;
				SWIFT_OPTIMIZATION_LEVEL = "-Onone";
			};
			name = Debug;
		};
		F56F08CD21196D97006414AF /* Release */ = {
			isa = XCBuildConfiguration;
			buildSettings = {
				ALWAYS_SEARCH_USER_PATHS = NO;
				CLANG_ANALYZER_NONNULL = YES;
				CLANG_ANALYZER_NUMBER_OBJECT_CONVERSION = YES_AGGRESSIVE;
				CLANG_CXX_LANGUAGE_STANDARD = "gnu++14";
				CLANG_CXX_LIBRARY = "libc++";
				CLANG_ENABLE_MODULES = YES;
				CLANG_ENABLE_OBJC_ARC = YES;
				CLANG_ENABLE_OBJC_WEAK = YES;
				CLANG_WARN_BLOCK_CAPTURE_AUTORELEASING = YES;
				CLANG_WARN_BOOL_CONVERSION = YES;
				CLANG_WARN_COMMA = YES;
				CLANG_WARN_CONSTANT_CONVERSION = YES;
				CLANG_WARN_DEPRECATED_OBJC_IMPLEMENTATIONS = YES;
				CLANG_WARN_DIRECT_OBJC_ISA_USAGE = YES_ERROR;
				CLANG_WARN_DOCUMENTATION_COMMENTS = YES;
				CLANG_WARN_EMPTY_BODY = YES;
				CLANG_WARN_ENUM_CONVERSION = YES;
				CLANG_WARN_INFINITE_RECURSION = YES;
				CLANG_WARN_INT_CONVERSION = YES;
				CLANG_WARN_NON_LITERAL_NULL_CONVERSION = YES;
				CLANG_WARN_OBJC_IMPLICIT_RETAIN_SELF = YES;
				CLANG_WARN_OBJC_LITERAL_CONVERSION = YES;
				CLANG_WARN_OBJC_ROOT_CLASS = YES_ERROR;
				CLANG_WARN_RANGE_LOOP_ANALYSIS = YES;
				CLANG_WARN_STRICT_PROTOTYPES = YES;
				CLANG_WARN_SUSPICIOUS_MOVE = YES;
				CLANG_WARN_UNGUARDED_AVAILABILITY = YES_AGGRESSIVE;
				CLANG_WARN_UNREACHABLE_CODE = YES;
				CLANG_WARN__DUPLICATE_METHOD_MATCH = YES;
				CODE_SIGN_IDENTITY = "iPhone Developer";
				COPY_PHASE_STRIP = NO;
				DEBUG_INFORMATION_FORMAT = "dwarf-with-dsym";
				ENABLE_NS_ASSERTIONS = NO;
				ENABLE_STRICT_OBJC_MSGSEND = YES;
				GCC_C_LANGUAGE_STANDARD = gnu11;
				GCC_NO_COMMON_BLOCKS = YES;
				GCC_WARN_64_TO_32_BIT_CONVERSION = YES;
				GCC_WARN_ABOUT_RETURN_TYPE = YES_ERROR;
				GCC_WARN_UNDECLARED_SELECTOR = YES;
				GCC_WARN_UNINITIALIZED_AUTOS = YES_AGGRESSIVE;
				GCC_WARN_UNUSED_FUNCTION = YES;
				GCC_WARN_UNUSED_VARIABLE = YES;
				IPHONEOS_DEPLOYMENT_TARGET = 12.0;
				MTL_ENABLE_DEBUG_INFO = NO;
				MTL_FAST_MATH = YES;
				SDKROOT = iphoneos;
				SWIFT_COMPILATION_MODE = wholemodule;
				SWIFT_OPTIMIZATION_LEVEL = "-O";
				VALIDATE_PRODUCT = YES;
			};
			name = Release;
		};
		F56F08CF21196D97006414AF /* Debug */ = {
			isa = XCBuildConfiguration;
			buildSettings = {
				ASSETCATALOG_COMPILER_APPICON_NAME = AppIcon;
				CODE_SIGN_STYLE = Automatic;
				DEVELOPMENT_TEAM = 9A3ZYXR938;
				INFOPLIST_FILE = MLearner/Info.plist;
				LD_RUNPATH_SEARCH_PATHS = (
					"$(inherited)",
					"@executable_path/Frameworks",
				);
				PRODUCT_BUNDLE_IDENTIFIER = org.pchechetin.MLearner;
				PRODUCT_NAME = "$(TARGET_NAME)";
				SWIFT_VERSION = 4.2;
				TARGETED_DEVICE_FAMILY = "1,2";
			};
			name = Debug;
		};
		F56F08D021196D97006414AF /* Release */ = {
			isa = XCBuildConfiguration;
			buildSettings = {
				ASSETCATALOG_COMPILER_APPICON_NAME = AppIcon;
				CODE_SIGN_STYLE = Automatic;
				DEVELOPMENT_TEAM = 9A3ZYXR938;
				INFOPLIST_FILE = MLearner/Info.plist;
				LD_RUNPATH_SEARCH_PATHS = (
					"$(inherited)",
					"@executable_path/Frameworks",
				);
				PRODUCT_BUNDLE_IDENTIFIER = org.pchechetin.MLearner;
				PRODUCT_NAME = "$(TARGET_NAME)";
				SWIFT_VERSION = 4.2;
				TARGETED_DEVICE_FAMILY = "1,2";
			};
			name = Release;
		};
		F56F08D221196D97006414AF /* Debug */ = {
			isa = XCBuildConfiguration;
			buildSettings = {
				ALWAYS_EMBED_SWIFT_STANDARD_LIBRARIES = YES;
				BUNDLE_LOADER = "$(TEST_HOST)";
				CODE_SIGN_STYLE = Automatic;
				DEVELOPMENT_TEAM = 9A3ZYXR938;
				INFOPLIST_FILE = MLearnerTests/Info.plist;
				LD_RUNPATH_SEARCH_PATHS = (
					"$(inherited)",
					"@executable_path/Frameworks",
					"@loader_path/Frameworks",
				);
				PRODUCT_BUNDLE_IDENTIFIER = org.pchechetin.MLearnerTests;
				PRODUCT_NAME = "$(TARGET_NAME)";
				SWIFT_VERSION = 4.2;
				TARGETED_DEVICE_FAMILY = "1,2";
				TEST_HOST = "$(BUILT_PRODUCTS_DIR)/MLearner.app/MLearner";
			};
			name = Debug;
		};
		F56F08D321196D97006414AF /* Release */ = {
			isa = XCBuildConfiguration;
			buildSettings = {
				ALWAYS_EMBED_SWIFT_STANDARD_LIBRARIES = YES;
				BUNDLE_LOADER = "$(TEST_HOST)";
				CODE_SIGN_STYLE = Automatic;
				DEVELOPMENT_TEAM = 9A3ZYXR938;
				INFOPLIST_FILE = MLearnerTests/Info.plist;
				LD_RUNPATH_SEARCH_PATHS = (
					"$(inherited)",
					"@executable_path/Frameworks",
					"@loader_path/Frameworks",
				);
				PRODUCT_BUNDLE_IDENTIFIER = org.pchechetin.MLearnerTests;
				PRODUCT_NAME = "$(TARGET_NAME)";
				SWIFT_VERSION = 4.2;
				TARGETED_DEVICE_FAMILY = "1,2";
				TEST_HOST = "$(BUILT_PRODUCTS_DIR)/MLearner.app/MLearner";
			};
			name = Release;
		};
		F56F08D521196D97006414AF /* Debug */ = {
			isa = XCBuildConfiguration;
			buildSettings = {
				ALWAYS_EMBED_SWIFT_STANDARD_LIBRARIES = YES;
				CODE_SIGN_STYLE = Automatic;
				DEVELOPMENT_TEAM = 9A3ZYXR938;
				INFOPLIST_FILE = MLearnerUITests/Info.plist;
				LD_RUNPATH_SEARCH_PATHS = (
					"$(inherited)",
					"@executable_path/Frameworks",
					"@loader_path/Frameworks",
				);
				PRODUCT_BUNDLE_IDENTIFIER = org.pchechetin.MLearnerUITests;
				PRODUCT_NAME = "$(TARGET_NAME)";
				SWIFT_VERSION = 4.2;
				TARGETED_DEVICE_FAMILY = "1,2";
				TEST_TARGET_NAME = MLearner;
			};
			name = Debug;
		};
		F56F08D621196D97006414AF /* Release */ = {
			isa = XCBuildConfiguration;
			buildSettings = {
				ALWAYS_EMBED_SWIFT_STANDARD_LIBRARIES = YES;
				CODE_SIGN_STYLE = Automatic;
				DEVELOPMENT_TEAM = 9A3ZYXR938;
				INFOPLIST_FILE = MLearnerUITests/Info.plist;
				LD_RUNPATH_SEARCH_PATHS = (
					"$(inherited)",
					"@executable_path/Frameworks",
					"@loader_path/Frameworks",
				);
				PRODUCT_BUNDLE_IDENTIFIER = org.pchechetin.MLearnerUITests;
				PRODUCT_NAME = "$(TARGET_NAME)";
				SWIFT_VERSION = 4.2;
				TARGETED_DEVICE_FAMILY = "1,2";
				TEST_TARGET_NAME = MLearner;
			};
			name = Release;
		};
/* End XCBuildConfiguration section */

/* Begin XCConfigurationList section */
		F56F08A121196D94006414AF /* Build configuration list for PBXProject "MLearner" */ = {
			isa = XCConfigurationList;
			buildConfigurations = (
				F56F08CC21196D97006414AF /* Debug */,
				F56F08CD21196D97006414AF /* Release */,
			);
			defaultConfigurationIsVisible = 0;
			defaultConfigurationName = Release;
		};
		F56F08CE21196D97006414AF /* Build configuration list for PBXNativeTarget "MLearner" */ = {
			isa = XCConfigurationList;
			buildConfigurations = (
				F56F08CF21196D97006414AF /* Debug */,
				F56F08D021196D97006414AF /* Release */,
			);
			defaultConfigurationIsVisible = 0;
			defaultConfigurationName = Release;
		};
		F56F08D121196D97006414AF /* Build configuration list for PBXNativeTarget "MLearnerTests" */ = {
			isa = XCConfigurationList;
			buildConfigurations = (
				F56F08D221196D97006414AF /* Debug */,
				F56F08D321196D97006414AF /* Release */,
			);
			defaultConfigurationIsVisible = 0;
			defaultConfigurationName = Release;
		};
		F56F08D421196D97006414AF /* Build configuration list for PBXNativeTarget "MLearnerUITests" */ = {
			isa = XCConfigurationList;
			buildConfigurations = (
				F56F08D521196D97006414AF /* Debug */,
				F56F08D621196D97006414AF /* Release */,
			);
			defaultConfigurationIsVisible = 0;
			defaultConfigurationName = Release;
		};
/* End XCConfigurationList section */
	};
	rootObject = F56F089E21196D94006414AF /* Project object */;
}
